
Microsoft Visual Studio Solution File, Format Version 12.00
Project("{FAE04EC0-301F-11D3-BF4B-00C04F79EFBC}") = "GUI", "GUI\GUI.csproj", "{9AB97232-D03B-4329-AC11-954C99DE3F05}"
EndProject
Project("{FAE04EC0-301F-11D3-BF4B-00C04F79EFBC}") = "BusinessLogicLayer", "BusinessLogicLayer\BusinessLogicLayer.csproj", "{221874CE-80F4-4C08-9B7B-76F9EA732589}"
EndProject
Project("{FAE04EC0-301F-11D3-BF4B-00C04F79EFBC}") = "DataAccessLayer", "DataAccessLayer\DataAccessLayer.csproj", "{D616EE06-7DD1-4C13-BCC7-B6BB5BDCCEFC}"
EndProject
Project("{FAE04EC0-301F-11D3-BF4B-00C04F79EFBC}") = "DTO", "DTO\DTO.csproj", "{32D30736-A8AB-4245-89E8-93FDF6389A27}"
EndProject
Project("{FAE04EC0-301F-11D3-BF4B-00C04F79EFBC}") = "MVC App", "MVC App\MVC App.csproj", "{F6A46C79-FE6D-4844-9BCE-60520062132A}"
EndProject
Project("{FAE04EC0-301F-11D3-BF4B-00C04F79EFBC}") = "MauiApp", "MauiApp\MauiApp.csproj", "{0B88C49E-0CFA-43E3-B83E-0909233C2C1F}"
EndProject
Global
	GlobalSection(SolutionConfigurationPlatforms) = preSolution
		Debug|Any CPU = Debug|Any CPU
		Release|Any CPU = Release|Any CPU
	EndGlobalSection
	GlobalSection(ProjectConfigurationPlatforms) = postSolution
		{9AB97232-D03B-4329-AC11-954C99DE3F05}.Debug|Any CPU.ActiveCfg = Debug|Any CPU
		{9AB97232-D03B-4329-AC11-954C99DE3F05}.Debug|Any CPU.Build.0 = Debug|Any CPU
		{9AB97232-D03B-4329-AC11-954C99DE3F05}.Release|Any CPU.ActiveCfg = Release|Any CPU
		{9AB97232-D03B-4329-AC11-954C99DE3F05}.Release|Any CPU.Build.0 = Release|Any CPU
		{221874CE-80F4-4C08-9B7B-76F9EA732589}.Debug|Any CPU.ActiveCfg = Debug|Any CPU
		{221874CE-80F4-4C08-9B7B-76F9EA732589}.Debug|Any CPU.Build.0 = Debug|Any CPU
		{221874CE-80F4-4C08-9B7B-76F9EA732589}.Release|Any CPU.ActiveCfg = Release|Any CPU
		{221874CE-80F4-4C08-9B7B-76F9EA732589}.Release|Any CPU.Build.0 = Release|Any CPU
		{D616EE06-7DD1-4C13-BCC7-B6BB5BDCCEFC}.Debug|Any CPU.ActiveCfg = Debug|Any CPU
		{D616EE06-7DD1-4C13-BCC7-B6BB5BDCCEFC}.Debug|Any CPU.Build.0 = Debug|Any CPU
		{D616EE06-7DD1-4C13-BCC7-B6BB5BDCCEFC}.Release|Any CPU.ActiveCfg = Release|Any CPU
		{D616EE06-7DD1-4C13-BCC7-B6BB5BDCCEFC}.Release|Any CPU.Build.0 = Release|Any CPU
		{32D30736-A8AB-4245-89E8-93FDF6389A27}.Debug|Any CPU.ActiveCfg = Debug|Any CPU
		{32D30736-A8AB-4245-89E8-93FDF6389A27}.Debug|Any CPU.Build.0 = Debug|Any CPU
		{32D30736-A8AB-4245-89E8-93FDF6389A27}.Release|Any CPU.ActiveCfg = Release|Any CPU
		{32D30736-A8AB-4245-89E8-93FDF6389A27}.Release|Any CPU.Build.0 = Release|Any CPU
		{F6A46C79-FE6D-4844-9BCE-60520062132A}.Debug|Any CPU.ActiveCfg = Debug|Any CPU
		{F6A46C79-FE6D-4844-9BCE-60520062132A}.Debug|Any CPU.Build.0 = Debug|Any CPU
		{F6A46C79-FE6D-4844-9BCE-60520062132A}.Release|Any CPU.ActiveCfg = Release|Any CPU
		{F6A46C79-FE6D-4844-9BCE-60520062132A}.Release|Any CPU.Build.0 = Release|Any CPU
		{0B88C49E-0CFA-43E3-B83E-0909233C2C1F}.Debug|Any CPU.ActiveCfg = Debug|Any CPU
		{0B88C49E-0CFA-43E3-B83E-0909233C2C1F}.Debug|Any CPU.Build.0 = Debug|Any CPU
		{0B88C49E-0CFA-43E3-B83E-0909233C2C1F}.Release|Any CPU.ActiveCfg = Release|Any CPU
		{0B88C49E-0CFA-43E3-B83E-0909233C2C1F}.Release|Any CPU.Build.0 = Release|Any CPU
	EndGlobalSection
EndGlobal
